
Microsoft Visual Studio Solution File, Format Version 12.00
# Visual Studio Version 16
VisualStudioVersion = 16.0.30517.126
MinimumVisualStudioVersion = 10.0.40219.1
Project("{FAE04EC0-301F-11D3-BF4B-00C04F79EFBC}") = "NumberGuesser-Henry", "NumberGuesser-Henry\NumberGuesser-Henry.csproj", "{DBD83884-C8E9-4A64-9D54-85D38BB72F58}"
EndProject
Global
	GlobalSection(SolutionConfigurationPlatforms) = preSolution
		Debug|Any CPU = Debug|Any CPU
		Release|Any CPU = Release|Any CPU
	EndGlobalSection
	GlobalSection(ProjectConfigurationPlatforms) = postSolution
		{DBD83884-C8E9-4A64-9D54-85D38BB72F58}.Debug|Any CPU.ActiveCfg = Debug|Any CPU
		{DBD83884-C8E9-4A64-9D54-85D38BB72F58}.Debug|Any CPU.Build.0 = Debug|Any CPU
		{DBD83884-C8E9-4A64-9D54-85D38BB72F58}.Release|Any CPU.ActiveCfg = Release|Any CPU
		{DBD83884-C8E9-4A64-9D54-85D38BB72F58}.Release|Any CPU.Build.0 = Release|Any CPU
	EndGlobalSection
	GlobalSection(SolutionProperties) = preSolution
		HideSolutionNode = FALSE
	EndGlobalSection
	GlobalSection(ExtensibilityGlobals) = postSolution
		SolutionGuid = {5F6BCDC1-602B-44A9-A9D0-74DD3DBD374B}
	EndGlobalSection
EndGlobal
